
Microsoft Visual Studio Solution File, Format Version 12.00
# Visual Studio Version 16
VisualStudioVersion = 16.0.29613.14
MinimumVisualStudioVersion = 10.0.40219.1
Project("{FAE04EC0-301F-11D3-BF4B-00C04F79EFBC}") = "HW 8G", "HW 8G\HW 8G.csproj", "{58DD8A52-C333-424F-BBEA-425A33F6CDDB}"
EndProject
Global
	GlobalSection(SolutionConfigurationPlatforms) = preSolution
		Debug|Any CPU = Debug|Any CPU
		Release|Any CPU = Release|Any CPU
	EndGlobalSection
	GlobalSection(ProjectConfigurationPlatforms) = postSolution
		{58DD8A52-C333-424F-BBEA-425A33F6CDDB}.Debug|Any CPU.ActiveCfg = Debug|Any CPU
		{58DD8A52-C333-424F-BBEA-425A33F6CDDB}.Debug|Any CPU.Build.0 = Debug|Any CPU
		{58DD8A52-C333-424F-BBEA-425A33F6CDDB}.Release|Any CPU.ActiveCfg = Release|Any CPU
		{58DD8A52-C333-424F-BBEA-425A33F6CDDB}.Release|Any CPU.Build.0 = Release|Any CPU
	EndGlobalSection
	GlobalSection(SolutionProperties) = preSolution
		HideSolutionNode = FALSE
	EndGlobalSection
	GlobalSection(ExtensibilityGlobals) = postSolution
		SolutionGuid = {7052D265-A56B-466F-A72D-B0C07AB901D7}
	EndGlobalSection
EndGlobal
