
Microsoft Visual Studio Solution File, Format Version 12.00
# Visual Studio Version 16
VisualStudioVersion = 16.0.29613.14
MinimumVisualStudioVersion = 10.0.40219.1
Project("{FAE04EC0-301F-11D3-BF4B-00C04F79EFBC}") = "PartyInvites", "PartyInvites\PartyInvites.csproj", "{C184A8C8-C82F-4CAE-8C88-B2347CFDACA7}"
EndProject
Global
	GlobalSection(SolutionConfigurationPlatforms) = preSolution
		Debug|Any CPU = Debug|Any CPU
		Release|Any CPU = Release|Any CPU
	EndGlobalSection
	GlobalSection(ProjectConfigurationPlatforms) = postSolution
		{C184A8C8-C82F-4CAE-8C88-B2347CFDACA7}.Debug|Any CPU.ActiveCfg = Debug|Any CPU
		{C184A8C8-C82F-4CAE-8C88-B2347CFDACA7}.Debug|Any CPU.Build.0 = Debug|Any CPU
		{C184A8C8-C82F-4CAE-8C88-B2347CFDACA7}.Release|Any CPU.ActiveCfg = Release|Any CPU
		{C184A8C8-C82F-4CAE-8C88-B2347CFDACA7}.Release|Any CPU.Build.0 = Release|Any CPU
	EndGlobalSection
	GlobalSection(SolutionProperties) = preSolution
		HideSolutionNode = FALSE
	EndGlobalSection
	GlobalSection(ExtensibilityGlobals) = postSolution
		SolutionGuid = {39CCD2D7-1E34-46A2-BC90-C2E9BB8873C3}
	EndGlobalSection
EndGlobal
