
Microsoft Visual Studio Solution File, Format Version 12.00
# Visual Studio Version 16
VisualStudioVersion = 16.0.29613.14
MinimumVisualStudioVersion = 10.0.40219.1
Project("{FAE04EC0-301F-11D3-BF4B-00C04F79EFBC}") = "Razor", "Razor\Razor.csproj", "{ABD8A070-B0D3-41B3-95A2-C88EFB60E019}"
EndProject
Global
	GlobalSection(SolutionConfigurationPlatforms) = preSolution
		Debug|Any CPU = Debug|Any CPU
		Release|Any CPU = Release|Any CPU
	EndGlobalSection
	GlobalSection(ProjectConfigurationPlatforms) = postSolution
		{ABD8A070-B0D3-41B3-95A2-C88EFB60E019}.Debug|Any CPU.ActiveCfg = Debug|Any CPU
		{ABD8A070-B0D3-41B3-95A2-C88EFB60E019}.Debug|Any CPU.Build.0 = Debug|Any CPU
		{ABD8A070-B0D3-41B3-95A2-C88EFB60E019}.Release|Any CPU.ActiveCfg = Release|Any CPU
		{ABD8A070-B0D3-41B3-95A2-C88EFB60E019}.Release|Any CPU.Build.0 = Release|Any CPU
	EndGlobalSection
	GlobalSection(SolutionProperties) = preSolution
		HideSolutionNode = FALSE
	EndGlobalSection
	GlobalSection(ExtensibilityGlobals) = postSolution
		SolutionGuid = {3B8CDBB6-3921-4F19-B2C0-931A733F51D2}
	EndGlobalSection
EndGlobal
